
Microsoft Visual Studio Solution File, Format Version 12.00
# Visual Studio 15
VisualStudioVersion = 15.0.28307.329
MinimumVisualStudioVersion = 10.0.40219.1
Project("{FAE04EC0-301F-11D3-BF4B-00C04F79EFBC}") = "Shop.API", "Shop.API\Shop.API.csproj", "{4AFC7FB0-7047-48F0-98FC-8523ACCA90A4}"
EndProject
Project("{FAE04EC0-301F-11D3-BF4B-00C04F79EFBC}") = "Shop.BLL", "Shop.BLL\Shop.BLL.csproj", "{168EA79C-C181-4562-B64F-6F62597666E7}"
EndProject
Project("{FAE04EC0-301F-11D3-BF4B-00C04F79EFBC}") = "Shop.DAL", "Shop.DAL\Shop.DAL.csproj", "{05ED2D8C-D99D-41C7-B325-83CCB4364CCA}"
EndProject
Project("{FAE04EC0-301F-11D3-BF4B-00C04F79EFBC}") = "Shop.Common", "Shop.Common\Shop.Common.csproj", "{175CC5A4-DA20-4210-B3A7-C712BA9F1ED2}"
EndProject
Project("{FAE04EC0-301F-11D3-BF4B-00C04F79EFBC}") = "Shop.ViewModel", "Shop.ViewModel\Shop.ViewModel.csproj", "{50FA13A0-B288-4F25-88D7-845BF3803C97}"
EndProject
Global
	GlobalSection(SolutionConfigurationPlatforms) = preSolution
		Debug|Any CPU = Debug|Any CPU
		Release|Any CPU = Release|Any CPU
	EndGlobalSection
	GlobalSection(ProjectConfigurationPlatforms) = postSolution
		{4AFC7FB0-7047-48F0-98FC-8523ACCA90A4}.Debug|Any CPU.ActiveCfg = Debug|Any CPU
		{4AFC7FB0-7047-48F0-98FC-8523ACCA90A4}.Debug|Any CPU.Build.0 = Debug|Any CPU
		{4AFC7FB0-7047-48F0-98FC-8523ACCA90A4}.Release|Any CPU.ActiveCfg = Release|Any CPU
		{4AFC7FB0-7047-48F0-98FC-8523ACCA90A4}.Release|Any CPU.Build.0 = Release|Any CPU
		{168EA79C-C181-4562-B64F-6F62597666E7}.Debug|Any CPU.ActiveCfg = Debug|Any CPU
		{168EA79C-C181-4562-B64F-6F62597666E7}.Debug|Any CPU.Build.0 = Debug|Any CPU
		{168EA79C-C181-4562-B64F-6F62597666E7}.Release|Any CPU.ActiveCfg = Release|Any CPU
		{168EA79C-C181-4562-B64F-6F62597666E7}.Release|Any CPU.Build.0 = Release|Any CPU
		{05ED2D8C-D99D-41C7-B325-83CCB4364CCA}.Debug|Any CPU.ActiveCfg = Debug|Any CPU
		{05ED2D8C-D99D-41C7-B325-83CCB4364CCA}.Debug|Any CPU.Build.0 = Debug|Any CPU
		{05ED2D8C-D99D-41C7-B325-83CCB4364CCA}.Release|Any CPU.ActiveCfg = Release|Any CPU
		{05ED2D8C-D99D-41C7-B325-83CCB4364CCA}.Release|Any CPU.Build.0 = Release|Any CPU
		{175CC5A4-DA20-4210-B3A7-C712BA9F1ED2}.Debug|Any CPU.ActiveCfg = Debug|Any CPU
		{175CC5A4-DA20-4210-B3A7-C712BA9F1ED2}.Debug|Any CPU.Build.0 = Debug|Any CPU
		{175CC5A4-DA20-4210-B3A7-C712BA9F1ED2}.Release|Any CPU.ActiveCfg = Release|Any CPU
		{175CC5A4-DA20-4210-B3A7-C712BA9F1ED2}.Release|Any CPU.Build.0 = Release|Any CPU
		{50FA13A0-B288-4F25-88D7-845BF3803C97}.Debug|Any CPU.ActiveCfg = Debug|Any CPU
		{50FA13A0-B288-4F25-88D7-845BF3803C97}.Debug|Any CPU.Build.0 = Debug|Any CPU
		{50FA13A0-B288-4F25-88D7-845BF3803C97}.Release|Any CPU.ActiveCfg = Release|Any CPU
		{50FA13A0-B288-4F25-88D7-845BF3803C97}.Release|Any CPU.Build.0 = Release|Any CPU
	EndGlobalSection
	GlobalSection(SolutionProperties) = preSolution
		HideSolutionNode = FALSE
	EndGlobalSection
	GlobalSection(ExtensibilityGlobals) = postSolution
		SolutionGuid = {91E25697-BEFF-43D0-AF65-20C6119AC9DE}
	EndGlobalSection
EndGlobal
